// !$*UTF8*$!
{
	archiveVersion = 1;
	classes = {
	};
	objectVersion = 50;
	objects = {

/* Begin PBXBuildFile section */
		A1F434BB26CEE00F008F23F3 /* AppDelegate.swift in Sources */ = {isa = PBXBuildFile; fileRef = A1F434BA26CEE00F008F23F3 /* AppDelegate.swift */; };
		A1F434BD26CEE00F008F23F3 /* SceneDelegate.swift in Sources */ = {isa = PBXBuildFile; fileRef = A1F434BC26CEE00F008F23F3 /* SceneDelegate.swift */; };
		A1F434BF26CEE00F008F23F3 /* ViewController.swift in Sources */ = {isa = PBXBuildFile; fileRef = A1F434BE26CEE00F008F23F3 /* ViewController.swift */; };
		A1F434C226CEE00F008F23F3 /* Main.storyboard in Resources */ = {isa = PBXBuildFile; fileRef = A1F434C026CEE00F008F23F3 /* Main.storyboard */; };
		A1F434C526CEE00F008F23F3 /* _4_Artbook_Core_Data.xcdatamodeld in Sources */ = {isa = PBXBuildFile; fileRef = A1F434C326CEE00F008F23F3 /* _4_Artbook_Core_Data.xcdatamodeld */; };
		A1F434C726CEE011008F23F3 /* Assets.xcassets in Resources */ = {isa = PBXBuildFile; fileRef = A1F434C626CEE011008F23F3 /* Assets.xcassets */; };
		A1F434CA26CEE011008F23F3 /* LaunchScreen.storyboard in Resources */ = {isa = PBXBuildFile; fileRef = A1F434C826CEE011008F23F3 /* LaunchScreen.storyboard */; };
/* End PBXBuildFile section */

/* Begin PBXFileReference section */
		A1F434B726CEE00F008F23F3 /* 14-Artbook Core Data.app */ = {isa = PBXFileReference; explicitFileType = wrapper.application; includeInIndex = 0; path = "14-Artbook Core Data.app"; sourceTree = BUILT_PRODUCTS_DIR; };
		A1F434BA26CEE00F008F23F3 /* AppDelegate.swift */ = {isa = PBXFileReference; lastKnownFileType = sourcecode.swift; path = AppDelegate.swift; sourceTree = "<group>"; };
		A1F434BC26CEE00F008F23F3 /* SceneDelegate.swift */ = {isa = PBXFileReference; lastKnownFileType = sourcecode.swift; path = SceneDelegate.swift; sourceTree = "<group>"; };
		A1F434BE26CEE00F008F23F3 /* ViewController.swift */ = {isa = PBXFileReference; lastKnownFileType = sourcecode.swift; path = ViewController.swift; sourceTree = "<group>"; };
		A1F434C126CEE00F008F23F3 /* Base */ = {isa = PBXFileReference; lastKnownFileType = file.storyboard; name = Base; path = Base.lproj/Main.storyboard; sourceTree = "<group>"; };
		A1F434C426CEE00F008F23F3 /* _4_Artbook_Core_Data.xcdatamodel */ = {isa = PBXFileReference; lastKnownFileType = wrapper.xcdatamodel; path = _4_Artbook_Core_Data.xcdatamodel; sourceTree = "<group>"; };
		A1F434C626CEE011008F23F3 /* Assets.xcassets */ = {isa = PBXFileReference; lastKnownFileType = folder.assetcatalog; path = Assets.xcassets; sourceTree = "<group>"; };
		A1F434C926CEE011008F23F3 /* Base */ = {isa = PBXFileReference; lastKnownFileType = file.storyboard; name = Base; path = Base.lproj/LaunchScreen.storyboard; sourceTree = "<group>"; };
		A1F434CB26CEE011008F23F3 /* Info.plist */ = {isa = PBXFileReference; lastKnownFileType = text.plist.xml; path = Info.plist; sourceTree = "<group>"; };
/* End PBXFileReference section */

/* Begin PBXFrameworksBuildPhase section */
		A1F434B426CEE00F008F23F3 /* Frameworks */ = {
			isa = PBXFrameworksBuildPhase;
			buildActionMask = 2147483647;
			files = (
			);
			runOnlyForDeploymentPostprocessing = 0;
		};
/* End PBXFrameworksBuildPhase section */

/* Begin PBXGroup section */
		A1F434AE26CEE00F008F23F3 = {
			isa = PBXGroup;
			children = (
				A1F434B926CEE00F008F23F3 /* 14-Artbook Core Data */,
				A1F434B826CEE00F008F23F3 /* Products */,
			);
			sourceTree = "<group>";
		};
		A1F434B826CEE00F008F23F3 /* Products */ = {
			isa = PBXGroup;
			children = (
				A1F434B726CEE00F008F23F3 /* 14-Artbook Core Data.app */,
			);
			name = Products;
			sourceTree = "<group>";
		};
		A1F434B926CEE00F008F23F3 /* 14-Artbook Core Data */ = {
			isa = PBXGroup;
			children = (
				A1F434BA26CEE00F008F23F3 /* AppDelegate.swift */,
				A1F434BC26CEE00F008F23F3 /* SceneDelegate.swift */,
				A1F434BE26CEE00F008F23F3 /* ViewController.swift */,
				A1F434C026CEE00F008F23F3 /* Main.storyboard */,
				A1F434C626CEE011008F23F3 /* Assets.xcassets */,
				A1F434C826CEE011008F23F3 /* LaunchScreen.storyboard */,
				A1F434CB26CEE011008F23F3 /* Info.plist */,
				A1F434C326CEE00F008F23F3 /* _4_Artbook_Core_Data.xcdatamodeld */,
			);
			path = "14-Artbook Core Data";
			sourceTree = "<group>";
		};
/* End PBXGroup section */

/* Begin PBXNativeTarget section */
		A1F434B626CEE00F008F23F3 /* 14-Artbook Core Data */ = {
			isa = PBXNativeTarget;
			buildConfigurationList = A1F434CE26CEE011008F23F3 /* Build configuration list for PBXNativeTarget "14-Artbook Core Data" */;
			buildPhases = (
				A1F434B326CEE00F008F23F3 /* Sources */,
				A1F434B426CEE00F008F23F3 /* Frameworks */,
				A1F434B526CEE00F008F23F3 /* Resources */,
			);
			buildRules = (
			);
			dependencies = (
			);
			name = "14-Artbook Core Data";
			productName = "14-Artbook Core Data";
			productReference = A1F434B726CEE00F008F23F3 /* 14-Artbook Core Data.app */;
			productType = "com.apple.product-type.application";
		};
/* End PBXNativeTarget section */

/* Begin PBXProject section */
		A1F434AF26CEE00F008F23F3 /* Project object */ = {
			isa = PBXProject;
			attributes = {
				LastSwiftUpdateCheck = 1250;
				LastUpgradeCheck = 1250;
				TargetAttributes = {
					A1F434B626CEE00F008F23F3 = {
						CreatedOnToolsVersion = 12.5.1;
					};
				};
			};
			buildConfigurationList = A1F434B226CEE00F008F23F3 /* Build configuration list for PBXProject "14-Artbook Core Data" */;
			compatibilityVersion = "Xcode 9.3";
			developmentRegion = en;
			hasScannedForEncodings = 0;
			knownRegions = (
				en,
				Base,
			);
			mainGroup = A1F434AE26CEE00F008F23F3;
			productRefGroup = A1F434B826CEE00F008F23F3 /* Products */;
			projectDirPath = "";
			projectRoot = "";
			targets = (
				A1F434B626CEE00F008F23F3 /* 14-Artbook Core Data */,
			);
		};
/* End PBXProject section */

/* Begin PBXResourcesBuildPhase section */
		A1F434B526CEE00F008F23F3 /* Resources */ = {
			isa = PBXResourcesBuildPhase;
			buildActionMask = 2147483647;
			files = (
				A1F434CA26CEE011008F23F3 /* LaunchScreen.storyboard in Resources */,
				A1F434C726CEE011008F23F3 /* Assets.xcassets in Resources */,
				A1F434C226CEE00F008F23F3 /* Main.storyboard in Resources */,
			);
			runOnlyForDeploymentPostprocessing = 0;
		};
/* End PBXResourcesBuildPhase section */

/* Begin PBXSourcesBuildPhase section */
		A1F434B326CEE00F008F23F3 /* Sources */ = {
			isa = PBXSourcesBuildPhase;
			buildActionMask = 2147483647;
			files = (
				A1F434BF26CEE00F008F23F3 /* ViewController.swift in Sources */,
				A1F434BB26CEE00F008F23F3 /* AppDelegate.swift in Sources */,
				A1F434C526CEE00F008F23F3 /* _4_Artbook_Core_Data.xcdatamodeld in Sources */,
				A1F434BD26CEE00F008F23F3 /* SceneDelegate.swift in Sources */,
			);
			runOnlyForDeploymentPostprocessing = 0;
		};
/* End PBXSourcesBuildPhase section */

/* Begin PBXVariantGroup section */
		A1F434C026CEE00F008F23F3 /* Main.storyboard */ = {
			isa = PBXVariantGroup;
			children = (
				A1F434C126CEE00F008F23F3 /* Base */,
			);
			name = Main.storyboard;
			sourceTree = "<group>";
		};
		A1F434C826CEE011008F23F3 /* LaunchScreen.storyboard */ = {
			isa = PBXVariantGroup;
			children = (
				A1F434C926CEE011008F23F3 /* Base */,
			);
			name = LaunchScreen.storyboard;
			sourceTree = "<group>";
		};
/* End PBXVariantGroup section */

/* Begin XCBuildConfiguration section */
		A1F434CC26CEE011008F23F3 /* Debug */ = {
			isa = XCBuildConfiguration;
			buildSettings = {
				ALWAYS_SEARCH_USER_PATHS = NO;
				CLANG_ANALYZER_NONNULL = YES;
				CLANG_ANALYZER_NUMBER_OBJECT_CONVERSION = YES_AGGRESSIVE;
				CLANG_CXX_LANGUAGE_STANDARD = "gnu++14";
				CLANG_CXX_LIBRARY = "libc++";
				CLANG_ENABLE_MODULES = YES;
				CLANG_ENABLE_OBJC_ARC = YES;
				CLANG_ENABLE_OBJC_WEAK = YES;
				CLANG_WARN_BLOCK_CAPTURE_AUTORELEASING = YES;
				CLANG_WARN_BOOL_CONVERSION = YES;
				CLANG_WARN_COMMA = YES;
				CLANG_WARN_CONSTANT_CONVERSION = YES;
				CLANG_WARN_DEPRECATED_OBJC_IMPLEMENTATIONS = YES;
				CLANG_WARN_DIRECT_OBJC_ISA_USAGE = YES_ERROR;
				CLANG_WARN_DOCUMENTATION_COMMENTS = YES;
				CLANG_WARN_EMPTY_BODY = YES;
				CLANG_WARN_ENUM_CONVERSION = YES;
				CLANG_WARN_INFINITE_RECURSION = YES;
				CLANG_WARN_INT_CONVERSION = YES;
				CLANG_WARN_NON_LITERAL_NULL_CONVERSION = YES;
				CLANG_WARN_OBJC_IMPLICIT_RETAIN_SELF = YES;
				CLANG_WARN_OBJC_LITERAL_CONVERSION = YES;
				CLANG_WARN_OBJC_ROOT_CLASS = YES_ERROR;
				CLANG_WARN_QUOTED_INCLUDE_IN_FRAMEWORK_HEADER = YES;
				CLANG_WARN_RANGE_LOOP_ANALYSIS = YES;
				CLANG_WARN_STRICT_PROTOTYPES = YES;
				CLANG_WARN_SUSPICIOUS_MOVE = YES;
				CLANG_WARN_UNGUARDED_AVAILABILITY = YES_AGGRESSIVE;
				CLANG_WARN_UNREACHABLE_CODE = YES;
				CLANG_WARN__DUPLICATE_METHOD_MATCH = YES;
				COPY_PHASE_STRIP = NO;
				DEBUG_INFORMATION_FORMAT = dwarf;
				ENABLE_STRICT_OBJC_MSGSEND = YES;
				ENABLE_TESTABILITY = YES;
				GCC_C_LANGUAGE_STANDARD = gnu11;
				GCC_DYNAMIC_NO_PIC = NO;
				GCC_NO_COMMON_BLOCKS = YES;
				GCC_OPTIMIZATION_LEVEL = 0;
				GCC_PREPROCESSOR_DEFINITIONS = (
					"DEBUG=1",
					"$(inherited)",
				);
				GCC_WARN_64_TO_32_BIT_CONVERSION = YES;
				GCC_WARN_ABOUT_RETURN_TYPE = YES_ERROR;
				GCC_WARN_UNDECLARED_SELECTOR = YES;
				GCC_WARN_UNINITIALIZED_AUTOS = YES_AGGRESSIVE;
				GCC_WARN_UNUSED_FUNCTION = YES;
				GCC_WARN_UNUSED_VARIABLE = YES;
				IPHONEOS_DEPLOYMENT_TARGET = 14.5;
				MTL_ENABLE_DEBUG_INFO = INCLUDE_SOURCE;
				MTL_FAST_MATH = YES;
				ONLY_ACTIVE_ARCH = YES;
				SDKROOT = iphoneos;
				SWIFT_ACTIVE_COMPILATION_CONDITIONS = DEBUG;
				SWIFT_OPTIMIZATION_LEVEL = "-Onone";
			};
			name = Debug;
		};
		A1F434CD26CEE011008F23F3 /* Release */ = {
			isa = XCBuildConfiguration;
			buildSettings = {
				ALWAYS_SEARCH_USER_PATHS = NO;
				CLANG_ANALYZER_NONNULL = YES;
				CLANG_ANALYZER_NUMBER_OBJECT_CONVERSION = YES_AGGRESSIVE;
				CLANG_CXX_LANGUAGE_STANDARD = "gnu++14";
				CLANG_CXX_LIBRARY = "libc++";
				CLANG_ENABLE_MODULES = YES;
				CLANG_ENABLE_OBJC_ARC = YES;
				CLANG_ENABLE_OBJC_WEAK = YES;
				CLANG_WARN_BLOCK_CAPTURE_AUTORELEASING = YES;
				CLANG_WARN_BOOL_CONVERSION = YES;
				CLANG_WARN_COMMA = YES;
				CLANG_WARN_CONSTANT_CONVERSION = YES;
				CLANG_WARN_DEPRECATED_OBJC_IMPLEMENTATIONS = YES;
				CLANG_WARN_DIRECT_OBJC_ISA_USAGE = YES_ERROR;
				CLANG_WARN_DOCUMENTATION_COMMENTS = YES;
				CLANG_WARN_EMPTY_BODY = YES;
				CLANG_WARN_ENUM_CONVERSION = YES;
				CLANG_WARN_INFINITE_RECURSION = YES;
				CLANG_WARN_INT_CONVERSION = YES;
				CLANG_WARN_NON_LITERAL_NULL_CONVERSION = YES;
				CLANG_WARN_OBJC_IMPLICIT_RETAIN_SELF = YES;
				CLANG_WARN_OBJC_LITERAL_CONVERSION = YES;
				CLANG_WARN_OBJC_ROOT_CLASS = YES_ERROR;
				CLANG_WARN_QUOTED_INCLUDE_IN_FRAMEWORK_HEADER = YES;
				CLANG_WARN_RANGE_LOOP_ANALYSIS = YES;
				CLANG_WARN_STRICT_PROTOTYPES = YES;
				CLANG_WARN_SUSPICIOUS_MOVE = YES;
				CLANG_WARN_UNGUARDED_AVAILABILITY = YES_AGGRESSIVE;
				CLANG_WARN_UNREACHABLE_CODE = YES;
				CLANG_WARN__DUPLICATE_METHOD_MATCH = YES;
				COPY_PHASE_STRIP = NO;
				DEBUG_INFORMATION_FORMAT = "dwarf-with-dsym";
				ENABLE_NS_ASSERTIONS = NO;
				ENABLE_STRICT_OBJC_MSGSEND = YES;
				GCC_C_LANGUAGE_STANDARD = gnu11;
				GCC_NO_COMMON_BLOCKS = YES;
				GCC_WARN_64_TO_32_BIT_CONVERSION = YES;
				GCC_WARN_ABOUT_RETURN_TYPE = YES_ERROR;
				GCC_WARN_UNDECLARED_SELECTOR = YES;
				GCC_WARN_UNINITIALIZED_AUTOS = YES_AGGRESSIVE;
				GCC_WARN_UNUSED_FUNCTION = YES;
				GCC_WARN_UNUSED_VARIABLE = YES;
				IPHONEOS_DEPLOYMENT_TARGET = 14.5;
				MTL_ENABLE_DEBUG_INFO = NO;
				MTL_FAST_MATH = YES;
				SDKROOT = iphoneos;
				SWIFT_COMPILATION_MODE = wholemodule;
				SWIFT_OPTIMIZATION_LEVEL = "-O";
				VALIDATE_PRODUCT = YES;
			};
			name = Release;
		};
		A1F434CF26CEE011008F23F3 /* Debug */ = {
			isa = XCBuildConfiguration;
			buildSettings = {
				ASSETCATALOG_COMPILER_APPICON_NAME = AppIcon;
				ASSETCATALOG_COMPILER_GLOBAL_ACCENT_COLOR_NAME = AccentColor;
				CODE_SIGN_STYLE = Automatic;
				DEVELOPMENT_TEAM = 35KVTA4YKJ;
				INFOPLIST_FILE = "14-Artbook Core Data/Info.plist";
				LD_RUNPATH_SEARCH_PATHS = (
					"$(inherited)",
					"@executable_path/Frameworks",
				);
				PRODUCT_BUNDLE_IDENTIFIER = "com.tourvidi.-4-Artbook-Core-Data";
				PRODUCT_NAME = "$(TARGET_NAME)";
				SWIFT_VERSION = 5.0;
				TARGETED_DEVICE_FAMILY = "1,2";
			};
			name = Debug;
		};
		A1F434D026CEE011008F23F3 /* Release */ = {
			isa = XCBuildConfiguration;
			buildSettings = {
				ASSETCATALOG_COMPILER_APPICON_NAME = AppIcon;
				ASSETCATALOG_COMPILER_GLOBAL_ACCENT_COLOR_NAME = AccentColor;
				CODE_SIGN_STYLE = Automatic;
				DEVELOPMENT_TEAM = 35KVTA4YKJ;
				INFOPLIST_FILE = "14-Artbook Core Data/Info.plist";
				LD_RUNPATH_SEARCH_PATHS = (
					"$(inherited)",
					"@executable_path/Frameworks",
				);
				PRODUCT_BUNDLE_IDENTIFIER = "com.tourvidi.-4-Artbook-Core-Data";
				PRODUCT_NAME = "$(TARGET_NAME)";
				SWIFT_VERSION = 5.0;
				TARGETED_DEVICE_FAMILY = "1,2";
			};
			name = Release;
		};
/* End XCBuildConfiguration section */

/* Begin XCConfigurationList section */
		A1F434B226CEE00F008F23F3 /* Build configuration list for PBXProject "14-Artbook Core Data" */ = {
			isa = XCConfigurationList;
			buildConfigurations = (
				A1F434CC26CEE011008F23F3 /* Debug */,
				A1F434CD26CEE011008F23F3 /* Release */,
			);
			defaultConfigurationIsVisible = 0;
			defaultConfigurationName = Release;
		};
		A1F434CE26CEE011008F23F3 /* Build configuration list for PBXNativeTarget "14-Artbook Core Data" */ = {
			isa = XCConfigurationList;
			buildConfigurations = (
				A1F434CF26CEE011008F23F3 /* Debug */,
				A1F434D026CEE011008F23F3 /* Release */,
			);
			defaultConfigurationIsVisible = 0;
			defaultConfigurationName = Release;
		};
/* End XCConfigurationList section */

/* Begin XCVersionGroup section */
		A1F434C326CEE00F008F23F3 /* _4_Artbook_Core_Data.xcdatamodeld */ = {
			isa = XCVersionGroup;
			children = (
				A1F434C426CEE00F008F23F3 /* _4_Artbook_Core_Data.xcdatamodel */,
			);
			currentVersion = A1F434C426CEE00F008F23F3 /* _4_Artbook_Core_Data.xcdatamodel */;
			path = _4_Artbook_Core_Data.xcdatamodeld;
			sourceTree = "<group>";
			versionGroupType = wrapper.xcdatamodel;
		};
/* End XCVersionGroup section */
	};
	rootObject = A1F434AF26CEE00F008F23F3 /* Project object */;
}
